
Microsoft Visual Studio Solution File, Format Version 12.00
# Visual Studio Version 17
VisualStudioVersion = 17.5.33414.496
MinimumVisualStudioVersion = 10.0.40219.1
Project("{FAE04EC0-301F-11D3-BF4B-00C04F79EFBC}") = "potatoapu", "potatoapu\potatoapu.csproj", "{C8A2A5E0-FDD9-4E04-9D1C-CDB6298AE948}"
EndProject
Global
	GlobalSection(SolutionConfigurationPlatforms) = preSolution
		Debug|Any CPU = Debug|Any CPU
		Release|Any CPU = Release|Any CPU
	EndGlobalSection
	GlobalSection(ProjectConfigurationPlatforms) = postSolution
		{C8A2A5E0-FDD9-4E04-9D1C-CDB6298AE948}.Debug|Any CPU.ActiveCfg = Debug|Any CPU
		{C8A2A5E0-FDD9-4E04-9D1C-CDB6298AE948}.Debug|Any CPU.Build.0 = Debug|Any CPU
		{C8A2A5E0-FDD9-4E04-9D1C-CDB6298AE948}.Release|Any CPU.ActiveCfg = Release|Any CPU
		{C8A2A5E0-FDD9-4E04-9D1C-CDB6298AE948}.Release|Any CPU.Build.0 = Release|Any CPU
	EndGlobalSection
	GlobalSection(SolutionProperties) = preSolution
		HideSolutionNode = FALSE
	EndGlobalSection
	GlobalSection(ExtensibilityGlobals) = postSolution
		SolutionGuid = {E8839CD1-B9EC-42B0-8A49-52C4E6D1E9C4}
	EndGlobalSection
EndGlobal
